
Microsoft Visual Studio Solution File, Format Version 12.00
# Visual Studio Version 17
VisualStudioVersion = 17.6.33829.357
MinimumVisualStudioVersion = 10.0.40219.1
Project("{FAE04EC0-301F-11D3-BF4B-00C04F79EFBC}") = "at15", "at15\at15.csproj", "{982B6372-AEB1-4832-9448-C33830EC749B}"
EndProject
Global
	GlobalSection(SolutionConfigurationPlatforms) = preSolution
		Debug|Any CPU = Debug|Any CPU
		Release|Any CPU = Release|Any CPU
	EndGlobalSection
	GlobalSection(ProjectConfigurationPlatforms) = postSolution
		{982B6372-AEB1-4832-9448-C33830EC749B}.Debug|Any CPU.ActiveCfg = Debug|Any CPU
		{982B6372-AEB1-4832-9448-C33830EC749B}.Debug|Any CPU.Build.0 = Debug|Any CPU
		{982B6372-AEB1-4832-9448-C33830EC749B}.Release|Any CPU.ActiveCfg = Release|Any CPU
		{982B6372-AEB1-4832-9448-C33830EC749B}.Release|Any CPU.Build.0 = Release|Any CPU
	EndGlobalSection
	GlobalSection(SolutionProperties) = preSolution
		HideSolutionNode = FALSE
	EndGlobalSection
	GlobalSection(ExtensibilityGlobals) = postSolution
		SolutionGuid = {962633B5-E656-4CDE-BD2F-13D4E911E9CE}
	EndGlobalSection
EndGlobal
